{
  "name": "monorepo-compute",
  "version": "1.0.0",
  "lockfileVersion": 3,
  "requires": true,
  "packages": {
    "": {
      "name": "monorepo-compute",
      "version": "1.0.0",
      "license": "ISC",
      "workspaces": [
        "apps/*",
        "packages/*"
      ],
      "devDependencies": {
        "typescript": "^5.5.4"
      }
    },
    "apps/calculator": {
      "version": "1.0.0",
      "license": "ISC",
      "devDependencies": {
        "typescript": "^5.5.4"
      }
    },
    "apps/circle-area": {
      "version": "1.0.0",
      "license": "ISC"
    },
    "node_modules/addition": {
      "resolved": "packages/addition",
      "link": true
    },
    "node_modules/calculator": {
      "resolved": "apps/calculator",
      "link": true
    },
    "node_modules/circle-area": {
      "resolved": "apps/circle-area",
      "link": true
    },
    "node_modules/multiply": {
      "resolved": "packages/multiply",
      "link": true
    },
    "node_modules/subtraction": {
      "resolved": "packages/subtraction",
      "link": true
    },
    "node_modules/typescript": {
      "version": "5.5.4",
      "resolved": "https://registry.npmjs.org/typescript/-/typescript-5.5.4.tgz",
      "integrity": "sha512-Mtq29sKDAEYP7aljRgtPOpTvOfbwRWlS6dPRzwjdE+C0R4brX/GUyhHSecbHMFLNBLcJIPt9nl9yG5TZ1weH+Q==",
      "dev": true,
      "bin": {
        "tsc": "bin/tsc",
        "tsserver": "bin/tsserver"
      },
      "engines": {
        "node": ">=14.17"
      }
    },
    "packages/addition": {
      "version": "1.0.0",
      "license": "ISC"
    },
    "packages/multiply": {
      "version": "1.0.0",
      "license": "ISC"
    },
    "packages/subtraction": {
      "version": "1.0.0",
      "license": "ISC"
    }
  }
}
