{
  "name": "monorepo-compute",
  "version": "1.0.0",
  "lockfileVersion": 3,
  "requires": true,
  "packages": {
    "": {
      "name": "monorepo-compute",
      "version": "1.0.0",
      "license": "ISC",
      "workspaces": [
        "apps/*",
        "packages/*"
      ],
      "devDependencies": {
        "typescript": "^5.5.4"
      }
    },
    "apps/calculator": {
      "version": "1.0.0",
      "license": "ISC",
      "devDependencies": {
        "typescript": "^5.5.4"
      }
    },
    "apps/circle-area": {
      "version": "1.0.0",
      "license": "ISC"
    },
    "apps/gross-income": {
      "version": "1.0.0",
      "license": "ISC"
    },
    "apps/rect-area": {
      "version": "1.0.0",
      "license": "ISC"
    },
    "node_modules/@types/lodash": {
      "version": "4.17.7",
      "resolved": "https://registry.npmjs.org/@types/lodash/-/lodash-4.17.7.tgz",
      "integrity": "sha512-8wTvZawATi/lsmNu10/j2hk1KEP0IvjubqPE3cu1Xz7xfXXt5oCq3SNUz4fMIP4XGF9Ky+Ue2tBA3hcS7LSBlA==",
      "dev": true
    },
    "node_modules/addition": {
      "resolved": "packages/addition",
      "link": true
    },
    "node_modules/calculator": {
      "resolved": "apps/calculator",
      "link": true
    },
    "node_modules/circle-area": {
      "resolved": "apps/circle-area",
      "link": true
    },
    "node_modules/gross-income": {
      "resolved": "apps/gross-income",
      "link": true
    },
    "node_modules/lodash": {
      "version": "4.17.21",
      "resolved": "https://registry.npmjs.org/lodash/-/lodash-4.17.21.tgz",
      "integrity": "sha512-v2kDEe57lecTulaDIuNTPy3Ry4gLGJ6Z1O3vE1krgXZNrsQ+LFTGHVxVjcXPs17LhbZVGedAJv8XZ1tvj5FvSg=="
    },
    "node_modules/multiply": {
      "resolved": "packages/multiply",
      "link": true
    },
    "node_modules/rect-area": {
      "resolved": "apps/rect-area",
      "link": true
    },
    "node_modules/subtraction": {
      "resolved": "packages/subtraction",
      "link": true
    },
    "node_modules/sum": {
      "resolved": "packages/sum",
      "link": true
    },
    "node_modules/typescript": {
      "version": "5.5.4",
      "resolved": "https://registry.npmjs.org/typescript/-/typescript-5.5.4.tgz",
      "integrity": "sha512-Mtq29sKDAEYP7aljRgtPOpTvOfbwRWlS6dPRzwjdE+C0R4brX/GUyhHSecbHMFLNBLcJIPt9nl9yG5TZ1weH+Q==",
      "dev": true,
      "bin": {
        "tsc": "bin/tsc",
        "tsserver": "bin/tsserver"
      },
      "engines": {
        "node": ">=14.17"
      }
    },
    "packages/addition": {
      "version": "1.0.0",
      "license": "ISC"
    },
    "packages/multiply": {
      "version": "1.0.0",
      "license": "ISC"
    },
    "packages/subtraction": {
      "version": "1.0.0",
      "license": "ISC"
    },
    "packages/sum": {
      "version": "1.0.0",
      "license": "ISC",
      "dependencies": {
        "lodash": "^4.17.21"
      },
      "devDependencies": {
        "@types/lodash": "^4.17.7"
      }
    }
  }
}
